
Microsoft Visual Studio Solution File, Format Version 12.00
# Visual Studio Version 17
VisualStudioVersion = 17.2.32616.157
MinimumVisualStudioVersion = 10.0.40219.1
Project("{FAE04EC0-301F-11D3-BF4B-00C04F79EFBC}") = "WebApiFirst", "WebApiFirst\WebApiFirst.csproj", "{68D6B0FF-ECBF-4500-B276-AE9706705385}"
EndProject
Global
	GlobalSection(SolutionConfigurationPlatforms) = preSolution
		Debug|Any CPU = Debug|Any CPU
		Release|Any CPU = Release|Any CPU
	EndGlobalSection
	GlobalSection(ProjectConfigurationPlatforms) = postSolution
		{68D6B0FF-ECBF-4500-B276-AE9706705385}.Debug|Any CPU.ActiveCfg = Debug|Any CPU
		{68D6B0FF-ECBF-4500-B276-AE9706705385}.Debug|Any CPU.Build.0 = Debug|Any CPU
		{68D6B0FF-ECBF-4500-B276-AE9706705385}.Release|Any CPU.ActiveCfg = Release|Any CPU
		{68D6B0FF-ECBF-4500-B276-AE9706705385}.Release|Any CPU.Build.0 = Release|Any CPU
	EndGlobalSection
	GlobalSection(SolutionProperties) = preSolution
		HideSolutionNode = FALSE
	EndGlobalSection
	GlobalSection(ExtensibilityGlobals) = postSolution
		SolutionGuid = {EB304E1F-0357-434A-AF9B-B119D35A0859}
	EndGlobalSection
EndGlobal
